// !$*UTF8*$!
{
	archiveVersion = 1;
	classes = {
	};
	objectVersion = 55;
	objects = {

/* Begin PBXBuildFile section */
		B04B2A2E2824F4F800A0E93F /* main.swift in Sources */ = {isa = PBXBuildFile; fileRef = B04B2A2D2824F4F800A0E93F /* main.swift */; };
		B04B2A352824F55800A0E93F /* Building.swift in Sources */ = {isa = PBXBuildFile; fileRef = B04B2A342824F55800A0E93F /* Building.swift */; };
		B04B2A372824F57D00A0E93F /* Office.swift in Sources */ = {isa = PBXBuildFile; fileRef = B04B2A362824F57D00A0E93F /* Office.swift */; };
		B04B2A392824F5AA00A0E93F /* apartment.swift in Sources */ = {isa = PBXBuildFile; fileRef = B04B2A382824F5AA00A0E93F /* apartment.swift */; };
		B0A1A0D7282BB3EB006FD8A4 /* room.swift in Sources */ = {isa = PBXBuildFile; fileRef = B0A1A0D6282BB3EB006FD8A4 /* room.swift */; };
/* End PBXBuildFile section */

/* Begin PBXCopyFilesBuildPhase section */
		B04B2A282824F4F800A0E93F /* CopyFiles */ = {
			isa = PBXCopyFilesBuildPhase;
			buildActionMask = 2147483647;
			dstPath = /usr/share/man/man1/;
			dstSubfolderSpec = 0;
			files = (
			);
			runOnlyForDeploymentPostprocessing = 1;
		};
/* End PBXCopyFilesBuildPhase section */

/* Begin PBXFileReference section */
		B04B2A2A2824F4F800A0E93F /* урок2    2д,з */ = {isa = PBXFileReference; explicitFileType = "compiled.mach-o.executable"; includeInIndex = 0; path = "урок2    2д,з"; sourceTree = BUILT_PRODUCTS_DIR; };
		B04B2A2D2824F4F800A0E93F /* main.swift */ = {isa = PBXFileReference; lastKnownFileType = sourcecode.swift; path = main.swift; sourceTree = "<group>"; };
		B04B2A342824F55800A0E93F /* Building.swift */ = {isa = PBXFileReference; lastKnownFileType = sourcecode.swift; path = Building.swift; sourceTree = "<group>"; };
		B04B2A362824F57D00A0E93F /* Office.swift */ = {isa = PBXFileReference; lastKnownFileType = sourcecode.swift; path = Office.swift; sourceTree = "<group>"; };
		B04B2A382824F5AA00A0E93F /* apartment.swift */ = {isa = PBXFileReference; lastKnownFileType = sourcecode.swift; path = apartment.swift; sourceTree = "<group>"; };
		B0A1A0D6282BB3EB006FD8A4 /* room.swift */ = {isa = PBXFileReference; lastKnownFileType = sourcecode.swift; path = room.swift; sourceTree = "<group>"; };
/* End PBXFileReference section */

/* Begin PBXFrameworksBuildPhase section */
		B04B2A272824F4F800A0E93F /* Frameworks */ = {
			isa = PBXFrameworksBuildPhase;
			buildActionMask = 2147483647;
			files = (
			);
			runOnlyForDeploymentPostprocessing = 0;
		};
/* End PBXFrameworksBuildPhase section */

/* Begin PBXGroup section */
		B04B2A212824F4F800A0E93F = {
			isa = PBXGroup;
			children = (
				B04B2A2C2824F4F800A0E93F /* урок2    2д,з */,
				B04B2A2B2824F4F800A0E93F /* Products */,
			);
			sourceTree = "<group>";
		};
		B04B2A2B2824F4F800A0E93F /* Products */ = {
			isa = PBXGroup;
			children = (
				B04B2A2A2824F4F800A0E93F /* урок2    2д,з */,
			);
			name = Products;
			sourceTree = "<group>";
		};
		B04B2A2C2824F4F800A0E93F /* урок2    2д,з */ = {
			isa = PBXGroup;
			children = (
				B04B2A2D2824F4F800A0E93F /* main.swift */,
				B04B2A382824F5AA00A0E93F /* apartment.swift */,
				B04B2A362824F57D00A0E93F /* Office.swift */,
				B04B2A342824F55800A0E93F /* Building.swift */,
				B0A1A0D6282BB3EB006FD8A4 /* room.swift */,
			);
			path = "урок2    2д,з";
			sourceTree = "<group>";
		};
/* End PBXGroup section */

/* Begin PBXNativeTarget section */
		B04B2A292824F4F800A0E93F /* урок2    2д,з */ = {
			isa = PBXNativeTarget;
			buildConfigurationList = B04B2A312824F4F800A0E93F /* Build configuration list for PBXNativeTarget "урок2    2д,з" */;
			buildPhases = (
				B04B2A262824F4F800A0E93F /* Sources */,
				B04B2A272824F4F800A0E93F /* Frameworks */,
				B04B2A282824F4F800A0E93F /* CopyFiles */,
			);
			buildRules = (
			);
			dependencies = (
			);
			name = "урок2    2д,з";
			productName = "урок2    2д,з";
			productReference = B04B2A2A2824F4F800A0E93F /* урок2    2д,з */;
			productType = "com.apple.product-type.tool";
		};
/* End PBXNativeTarget section */

/* Begin PBXProject section */
		B04B2A222824F4F800A0E93F /* Project object */ = {
			isa = PBXProject;
			attributes = {
				BuildIndependentTargetsInParallel = 1;
				LastSwiftUpdateCheck = 1330;
				LastUpgradeCheck = 1330;
				TargetAttributes = {
					B04B2A292824F4F800A0E93F = {
						CreatedOnToolsVersion = 13.3;
					};
				};
			};
			buildConfigurationList = B04B2A252824F4F800A0E93F /* Build configuration list for PBXProject "урок2    2д,з" */;
			compatibilityVersion = "Xcode 13.0";
			developmentRegion = en;
			hasScannedForEncodings = 0;
			knownRegions = (
				en,
				Base,
			);
			mainGroup = B04B2A212824F4F800A0E93F;
			productRefGroup = B04B2A2B2824F4F800A0E93F /* Products */;
			projectDirPath = "";
			projectRoot = "";
			targets = (
				B04B2A292824F4F800A0E93F /* урок2    2д,з */,
			);
		};
/* End PBXProject section */

/* Begin PBXSourcesBuildPhase section */
		B04B2A262824F4F800A0E93F /* Sources */ = {
			isa = PBXSourcesBuildPhase;
			buildActionMask = 2147483647;
			files = (
				B0A1A0D7282BB3EB006FD8A4 /* room.swift in Sources */,
				B04B2A372824F57D00A0E93F /* Office.swift in Sources */,
				B04B2A2E2824F4F800A0E93F /* main.swift in Sources */,
				B04B2A392824F5AA00A0E93F /* apartment.swift in Sources */,
				B04B2A352824F55800A0E93F /* Building.swift in Sources */,
			);
			runOnlyForDeploymentPostprocessing = 0;
		};
/* End PBXSourcesBuildPhase section */

/* Begin XCBuildConfiguration section */
		B04B2A2F2824F4F800A0E93F /* Debug */ = {
			isa = XCBuildConfiguration;
			buildSettings = {
				ALWAYS_SEARCH_USER_PATHS = NO;
				CLANG_ANALYZER_NONNULL = YES;
				CLANG_ANALYZER_NUMBER_OBJECT_CONVERSION = YES_AGGRESSIVE;
				CLANG_CXX_LANGUAGE_STANDARD = "gnu++17";
				CLANG_ENABLE_MODULES = YES;
				CLANG_ENABLE_OBJC_ARC = YES;
				CLANG_ENABLE_OBJC_WEAK = YES;
				CLANG_WARN_BLOCK_CAPTURE_AUTORELEASING = YES;
				CLANG_WARN_BOOL_CONVERSION = YES;
				CLANG_WARN_COMMA = YES;
				CLANG_WARN_CONSTANT_CONVERSION = YES;
				CLANG_WARN_DEPRECATED_OBJC_IMPLEMENTATIONS = YES;
				CLANG_WARN_DIRECT_OBJC_ISA_USAGE = YES_ERROR;
				CLANG_WARN_DOCUMENTATION_COMMENTS = YES;
				CLANG_WARN_EMPTY_BODY = YES;
				CLANG_WARN_ENUM_CONVERSION = YES;
				CLANG_WARN_INFINITE_RECURSION = YES;
				CLANG_WARN_INT_CONVERSION = YES;
				CLANG_WARN_NON_LITERAL_NULL_CONVERSION = YES;
				CLANG_WARN_OBJC_IMPLICIT_RETAIN_SELF = YES;
				CLANG_WARN_OBJC_LITERAL_CONVERSION = YES;
				CLANG_WARN_OBJC_ROOT_CLASS = YES_ERROR;
				CLANG_WARN_QUOTED_INCLUDE_IN_FRAMEWORK_HEADER = YES;
				CLANG_WARN_RANGE_LOOP_ANALYSIS = YES;
				CLANG_WARN_STRICT_PROTOTYPES = YES;
				CLANG_WARN_SUSPICIOUS_MOVE = YES;
				CLANG_WARN_UNGUARDED_AVAILABILITY = YES_AGGRESSIVE;
				CLANG_WARN_UNREACHABLE_CODE = YES;
				CLANG_WARN__DUPLICATE_METHOD_MATCH = YES;
				COPY_PHASE_STRIP = NO;
				DEBUG_INFORMATION_FORMAT = dwarf;
				ENABLE_STRICT_OBJC_MSGSEND = YES;
				ENABLE_TESTABILITY = YES;
				GCC_C_LANGUAGE_STANDARD = gnu11;
				GCC_DYNAMIC_NO_PIC = NO;
				GCC_NO_COMMON_BLOCKS = YES;
				GCC_OPTIMIZATION_LEVEL = 0;
				GCC_PREPROCESSOR_DEFINITIONS = (
					"DEBUG=1",
					"$(inherited)",
				);
				GCC_WARN_64_TO_32_BIT_CONVERSION = YES;
				GCC_WARN_ABOUT_RETURN_TYPE = YES_ERROR;
				GCC_WARN_UNDECLARED_SELECTOR = YES;
				GCC_WARN_UNINITIALIZED_AUTOS = YES_AGGRESSIVE;
				GCC_WARN_UNUSED_FUNCTION = YES;
				GCC_WARN_UNUSED_VARIABLE = YES;
				MACOSX_DEPLOYMENT_TARGET = 12.1;
				MTL_ENABLE_DEBUG_INFO = INCLUDE_SOURCE;
				MTL_FAST_MATH = YES;
				ONLY_ACTIVE_ARCH = YES;
				SDKROOT = macosx;
				SWIFT_ACTIVE_COMPILATION_CONDITIONS = DEBUG;
				SWIFT_OPTIMIZATION_LEVEL = "-Onone";
			};
			name = Debug;
		};
		B04B2A302824F4F800A0E93F /* Release */ = {
			isa = XCBuildConfiguration;
			buildSettings = {
				ALWAYS_SEARCH_USER_PATHS = NO;
				CLANG_ANALYZER_NONNULL = YES;
				CLANG_ANALYZER_NUMBER_OBJECT_CONVERSION = YES_AGGRESSIVE;
				CLANG_CXX_LANGUAGE_STANDARD = "gnu++17";
				CLANG_ENABLE_MODULES = YES;
				CLANG_ENABLE_OBJC_ARC = YES;
				CLANG_ENABLE_OBJC_WEAK = YES;
				CLANG_WARN_BLOCK_CAPTURE_AUTORELEASING = YES;
				CLANG_WARN_BOOL_CONVERSION = YES;
				CLANG_WARN_COMMA = YES;
				CLANG_WARN_CONSTANT_CONVERSION = YES;
				CLANG_WARN_DEPRECATED_OBJC_IMPLEMENTATIONS = YES;
				CLANG_WARN_DIRECT_OBJC_ISA_USAGE = YES_ERROR;
				CLANG_WARN_DOCUMENTATION_COMMENTS = YES;
				CLANG_WARN_EMPTY_BODY = YES;
				CLANG_WARN_ENUM_CONVERSION = YES;
				CLANG_WARN_INFINITE_RECURSION = YES;
				CLANG_WARN_INT_CONVERSION = YES;
				CLANG_WARN_NON_LITERAL_NULL_CONVERSION = YES;
				CLANG_WARN_OBJC_IMPLICIT_RETAIN_SELF = YES;
				CLANG_WARN_OBJC_LITERAL_CONVERSION = YES;
				CLANG_WARN_OBJC_ROOT_CLASS = YES_ERROR;
				CLANG_WARN_QUOTED_INCLUDE_IN_FRAMEWORK_HEADER = YES;
				CLANG_WARN_RANGE_LOOP_ANALYSIS = YES;
				CLANG_WARN_STRICT_PROTOTYPES = YES;
				CLANG_WARN_SUSPICIOUS_MOVE = YES;
				CLANG_WARN_UNGUARDED_AVAILABILITY = YES_AGGRESSIVE;
				CLANG_WARN_UNREACHABLE_CODE = YES;
				CLANG_WARN__DUPLICATE_METHOD_MATCH = YES;
				COPY_PHASE_STRIP = NO;
				DEBUG_INFORMATION_FORMAT = "dwarf-with-dsym";
				ENABLE_NS_ASSERTIONS = NO;
				ENABLE_STRICT_OBJC_MSGSEND = YES;
				GCC_C_LANGUAGE_STANDARD = gnu11;
				GCC_NO_COMMON_BLOCKS = YES;
				GCC_WARN_64_TO_32_BIT_CONVERSION = YES;
				GCC_WARN_ABOUT_RETURN_TYPE = YES_ERROR;
				GCC_WARN_UNDECLARED_SELECTOR = YES;
				GCC_WARN_UNINITIALIZED_AUTOS = YES_AGGRESSIVE;
				GCC_WARN_UNUSED_FUNCTION = YES;
				GCC_WARN_UNUSED_VARIABLE = YES;
				MACOSX_DEPLOYMENT_TARGET = 12.1;
				MTL_ENABLE_DEBUG_INFO = NO;
				MTL_FAST_MATH = YES;
				SDKROOT = macosx;
				SWIFT_COMPILATION_MODE = wholemodule;
				SWIFT_OPTIMIZATION_LEVEL = "-O";
			};
			name = Release;
		};
		B04B2A322824F4F800A0E93F /* Debug */ = {
			isa = XCBuildConfiguration;
			buildSettings = {
				CODE_SIGN_STYLE = Automatic;
				PRODUCT_NAME = "$(TARGET_NAME)";
				SWIFT_VERSION = 5.0;
			};
			name = Debug;
		};
		B04B2A332824F4F800A0E93F /* Release */ = {
			isa = XCBuildConfiguration;
			buildSettings = {
				CODE_SIGN_STYLE = Automatic;
				PRODUCT_NAME = "$(TARGET_NAME)";
				SWIFT_VERSION = 5.0;
			};
			name = Release;
		};
/* End XCBuildConfiguration section */

/* Begin XCConfigurationList section */
		B04B2A252824F4F800A0E93F /* Build configuration list for PBXProject "урок2    2д,з" */ = {
			isa = XCConfigurationList;
			buildConfigurations = (
				B04B2A2F2824F4F800A0E93F /* Debug */,
				B04B2A302824F4F800A0E93F /* Release */,
			);
			defaultConfigurationIsVisible = 0;
			defaultConfigurationName = Release;
		};
		B04B2A312824F4F800A0E93F /* Build configuration list for PBXNativeTarget "урок2    2д,з" */ = {
			isa = XCConfigurationList;
			buildConfigurations = (
				B04B2A322824F4F800A0E93F /* Debug */,
				B04B2A332824F4F800A0E93F /* Release */,
			);
			defaultConfigurationIsVisible = 0;
			defaultConfigurationName = Release;
		};
/* End XCConfigurationList section */
	};
	rootObject = B04B2A222824F4F800A0E93F /* Project object */;
}
